
Microsoft Visual Studio Solution File, Format Version 12.00
Project("{FAE04EC0-301F-11D3-BF4B-00C04F79EFBC}") = "obdz_lb2_1", "obdz_lb2_1\obdz_lb2_1.csproj", "{FD74D60F-B232-4EEA-B355-809E4A8F10E6}"
EndProject
Global
	GlobalSection(SolutionConfigurationPlatforms) = preSolution
		Debug|Any CPU = Debug|Any CPU
		Release|Any CPU = Release|Any CPU
	EndGlobalSection
	GlobalSection(ProjectConfigurationPlatforms) = postSolution
		{FD74D60F-B232-4EEA-B355-809E4A8F10E6}.Debug|Any CPU.ActiveCfg = Debug|Any CPU
		{FD74D60F-B232-4EEA-B355-809E4A8F10E6}.Debug|Any CPU.Build.0 = Debug|Any CPU
		{FD74D60F-B232-4EEA-B355-809E4A8F10E6}.Release|Any CPU.ActiveCfg = Release|Any CPU
		{FD74D60F-B232-4EEA-B355-809E4A8F10E6}.Release|Any CPU.Build.0 = Release|Any CPU
	EndGlobalSection
EndGlobal
